
Microsoft Visual Studio Solution File, Format Version 12.00
# Visual Studio Version 17
VisualStudioVersion = 17.13.35931.197 d17.13
MinimumVisualStudioVersion = 10.0.40219.1
Project("{54A90642-561A-4BB1-A94E-469ADEE60C69}") = "cleanmate_main.client", "cleanmate_main.client\cleanmate_main.client.esproj", "{EF0605E1-03F3-E977-F142-0BFE4D4C6ED6}"
EndProject
Project("{FAE04EC0-301F-11D3-BF4B-00C04F79EFBC}") = "CleanMate_Main.Server", "CleanMate_Main.Server\CleanMate_Main.Server.csproj", "{E349A798-A33F-4C8D-804C-039D9C1E434E}"
EndProject
Global
	GlobalSection(SolutionConfigurationPlatforms) = preSolution
		Debug|Any CPU = Debug|Any CPU
		Release|Any CPU = Release|Any CPU
	EndGlobalSection
	GlobalSection(ProjectConfigurationPlatforms) = postSolution
		{EF0605E1-03F3-E977-F142-0BFE4D4C6ED6}.Debug|Any CPU.ActiveCfg = Debug|Any CPU
		{EF0605E1-03F3-E977-F142-0BFE4D4C6ED6}.Debug|Any CPU.Build.0 = Debug|Any CPU
		{EF0605E1-03F3-E977-F142-0BFE4D4C6ED6}.Debug|Any CPU.Deploy.0 = Debug|Any CPU
		{EF0605E1-03F3-E977-F142-0BFE4D4C6ED6}.Release|Any CPU.ActiveCfg = Release|Any CPU
		{EF0605E1-03F3-E977-F142-0BFE4D4C6ED6}.Release|Any CPU.Build.0 = Release|Any CPU
		{EF0605E1-03F3-E977-F142-0BFE4D4C6ED6}.Release|Any CPU.Deploy.0 = Release|Any CPU
		{E349A798-A33F-4C8D-804C-039D9C1E434E}.Debug|Any CPU.ActiveCfg = Debug|Any CPU
		{E349A798-A33F-4C8D-804C-039D9C1E434E}.Debug|Any CPU.Build.0 = Debug|Any CPU
		{E349A798-A33F-4C8D-804C-039D9C1E434E}.Release|Any CPU.ActiveCfg = Release|Any CPU
		{E349A798-A33F-4C8D-804C-039D9C1E434E}.Release|Any CPU.Build.0 = Release|Any CPU
	EndGlobalSection
	GlobalSection(SolutionProperties) = preSolution
		HideSolutionNode = FALSE
	EndGlobalSection
	GlobalSection(ExtensibilityGlobals) = postSolution
		SolutionGuid = {4EAEC864-39B5-4D2C-A7CC-1D398001F773}
	EndGlobalSection
EndGlobal
